
Microsoft Visual Studio Solution File, Format Version 12.00
# Visual Studio Version 17
VisualStudioVersion = 17.0.32014.148
MinimumVisualStudioVersion = 10.0.40219.1
Project("{FAE04EC0-301F-11D3-BF4B-00C04F79EFBC}") = "TestAn", "TestAn\TestAn.csproj", "{580E260A-F089-449C-B1E9-C20CC408D832}"
EndProject
Global
	GlobalSection(SolutionConfigurationPlatforms) = preSolution
		Debug|Any CPU = Debug|Any CPU
		Release|Any CPU = Release|Any CPU
	EndGlobalSection
	GlobalSection(ProjectConfigurationPlatforms) = postSolution
		{580E260A-F089-449C-B1E9-C20CC408D832}.Debug|Any CPU.ActiveCfg = Debug|Any CPU
		{580E260A-F089-449C-B1E9-C20CC408D832}.Debug|Any CPU.Build.0 = Debug|Any CPU
		{580E260A-F089-449C-B1E9-C20CC408D832}.Release|Any CPU.ActiveCfg = Release|Any CPU
		{580E260A-F089-449C-B1E9-C20CC408D832}.Release|Any CPU.Build.0 = Release|Any CPU
	EndGlobalSection
	GlobalSection(SolutionProperties) = preSolution
		HideSolutionNode = FALSE
	EndGlobalSection
	GlobalSection(ExtensibilityGlobals) = postSolution
		SolutionGuid = {3CA8C38B-8974-499E-B0CE-A759B4A9CE2F}
	EndGlobalSection
EndGlobal
